
Microsoft Visual Studio Solution File, Format Version 12.00
# Visual Studio Version 17
VisualStudioVersion = 17.14.36511.14 d17.14
MinimumVisualStudioVersion = 10.0.40219.1
Project("{FAE04EC0-301F-11D3-BF4B-00C04F79EFBC}") = "promotion-net", "promotion-net.csproj", "{668C795C-0B21-4878-B825-08B11C9F4301}"
EndProject
Global
	GlobalSection(SolutionConfigurationPlatforms) = preSolution
		Debug|Any CPU = Debug|Any CPU
		Release|Any CPU = Release|Any CPU
	EndGlobalSection
	GlobalSection(ProjectConfigurationPlatforms) = postSolution
		{668C795C-0B21-4878-B825-08B11C9F4301}.Debug|Any CPU.ActiveCfg = Debug|Any CPU
		{668C795C-0B21-4878-B825-08B11C9F4301}.Debug|Any CPU.Build.0 = Debug|Any CPU
		{668C795C-0B21-4878-B825-08B11C9F4301}.Release|Any CPU.ActiveCfg = Release|Any CPU
		{668C795C-0B21-4878-B825-08B11C9F4301}.Release|Any CPU.Build.0 = Release|Any CPU
	EndGlobalSection
	GlobalSection(SolutionProperties) = preSolution
		HideSolutionNode = FALSE
	EndGlobalSection
	GlobalSection(ExtensibilityGlobals) = postSolution
		SolutionGuid = {F9C930CC-EE8E-482A-932E-950E0350DBB6}
	EndGlobalSection
EndGlobal
